
Microsoft Visual Studio Solution File, Format Version 12.00
# Visual Studio Version 17
VisualStudioVersion = 17.10.35013.160
MinimumVisualStudioVersion = 10.0.40219.1
Project("{FAE04EC0-301F-11D3-BF4B-00C04F79EFBC}") = "AppDomain_Test", "AppDomain_Test\AppDomain_Test.csproj", "{8CFBA6FE-3893-4887-AFA3-4FBE34DD1BD5}"
EndProject
Project("{9A19103F-16F7-4668-BE54-9A1E7A4F7556}") = "EMIT_Test", "EMIT_Test\EMIT_Test.csproj", "{2D7C243B-0D82-494F-A0DC-580ACBACC45B}"
EndProject
Project("{9A19103F-16F7-4668-BE54-9A1E7A4F7556}") = "Expressions_Test", "Expressions_Test\Expressions_Test.csproj", "{8F7883D0-6418-46EB-8619-D9F48CFB1CD5}"
EndProject
Project("{9A19103F-16F7-4668-BE54-9A1E7A4F7556}") = "TaskScheduler_Test", "TaskScheduler_Test\TaskScheduler_Test.csproj", "{F7E6289D-9C6D-4B8C-A92D-0E400F60B57C}"
EndProject
Project("{9A19103F-16F7-4668-BE54-9A1E7A4F7556}") = "DI_Test", "DI_Test\DI_Test.csproj", "{A3347A2D-DD29-4AED-B83F-58F758E374DE}"
EndProject
Project("{9A19103F-16F7-4668-BE54-9A1E7A4F7556}") = "HostBuilder_Test", "HostBuilder_Test\HostBuilder_Test.csproj", "{7CD2D26E-4C7C-48F6-92C4-30F4A6A4AADE}"
EndProject
Project("{9A19103F-16F7-4668-BE54-9A1E7A4F7556}") = "WebApi_Test", "WebApi_Test\WebApi_Test.csproj", "{A3D7C0BD-9A96-4909-81E6-6C8F14F06BBB}"
EndProject
Project("{9A19103F-16F7-4668-BE54-9A1E7A4F7556}") = "OptimizedReflection", "OptimizedReflection\OptimizedReflection.csproj", "{673FBF9F-2909-4F44-8533-5DF54D08EFEF}"
EndProject
Project("{9A19103F-16F7-4668-BE54-9A1E7A4F7556}") = "BaseTest", "BaseTest\BaseTest.csproj", "{CC154CFE-FFB4-4307-9F32-1086809928A6}"
EndProject
Project("{9A19103F-16F7-4668-BE54-9A1E7A4F7556}") = "AutoParseHeader_Test", "AutoParseHeader_Test\AutoParseHeader_Test.csproj", "{91D7C8A0-164A-49B9-BF81-D08AEA28167A}"
EndProject
Project("{2150E333-8FDC-42A3-9474-1A3956D46DE8}") = "AutoGeneratePInvoke_Test", "AutoGeneratePInvoke_Test", "{A9B96E14-9B1C-4CDD-AB0C-69E03A772067}"
EndProject
Project("{8BC9CEB8-8B4A-11D0-8D11-00A0C91BC942}") = "MyCppLibrary_Test", "MyCppLibrary_Test\MyCppLibrary_Test.vcxproj", "{18DFCAF7-3F0A-4952-B4AB-CF1CED985977}"
EndProject
Project("{FAE04EC0-301F-11D3-BF4B-00C04F79EFBC}") = "GeneratePInvoke_FrameworkTest", "GeneratePInvoke_FrameworkTest\GeneratePInvoke_FrameworkTest.csproj", "{EFC2127B-EF2D-4858-8A87-1B9C2E960D97}"
EndProject
Project("{FAE04EC0-301F-11D3-BF4B-00C04F79EFBC}") = "ThreadSynchronization_Test", "ThreadSynchronization_Test\ThreadSynchronization_Test.csproj", "{AA1FF0DE-6302-4C3D-AFCA-E24F88240522}"
EndProject
Global
	GlobalSection(SolutionConfigurationPlatforms) = preSolution
		Debug|Any CPU = Debug|Any CPU
		Debug|x64 = Debug|x64
		Debug|x86 = Debug|x86
		Release|Any CPU = Release|Any CPU
		Release|x64 = Release|x64
		Release|x86 = Release|x86
	EndGlobalSection
	GlobalSection(ProjectConfigurationPlatforms) = postSolution
		{8CFBA6FE-3893-4887-AFA3-4FBE34DD1BD5}.Debug|Any CPU.ActiveCfg = Debug|Any CPU
		{8CFBA6FE-3893-4887-AFA3-4FBE34DD1BD5}.Debug|Any CPU.Build.0 = Debug|Any CPU
		{8CFBA6FE-3893-4887-AFA3-4FBE34DD1BD5}.Debug|x64.ActiveCfg = Debug|Any CPU
		{8CFBA6FE-3893-4887-AFA3-4FBE34DD1BD5}.Debug|x64.Build.0 = Debug|Any CPU
		{8CFBA6FE-3893-4887-AFA3-4FBE34DD1BD5}.Debug|x86.ActiveCfg = Debug|Any CPU
		{8CFBA6FE-3893-4887-AFA3-4FBE34DD1BD5}.Debug|x86.Build.0 = Debug|Any CPU
		{8CFBA6FE-3893-4887-AFA3-4FBE34DD1BD5}.Release|Any CPU.ActiveCfg = Release|Any CPU
		{8CFBA6FE-3893-4887-AFA3-4FBE34DD1BD5}.Release|Any CPU.Build.0 = Release|Any CPU
		{8CFBA6FE-3893-4887-AFA3-4FBE34DD1BD5}.Release|x64.ActiveCfg = Release|Any CPU
		{8CFBA6FE-3893-4887-AFA3-4FBE34DD1BD5}.Release|x64.Build.0 = Release|Any CPU
		{8CFBA6FE-3893-4887-AFA3-4FBE34DD1BD5}.Release|x86.ActiveCfg = Release|Any CPU
		{8CFBA6FE-3893-4887-AFA3-4FBE34DD1BD5}.Release|x86.Build.0 = Release|Any CPU
		{2D7C243B-0D82-494F-A0DC-580ACBACC45B}.Debug|Any CPU.ActiveCfg = Debug|Any CPU
		{2D7C243B-0D82-494F-A0DC-580ACBACC45B}.Debug|Any CPU.Build.0 = Debug|Any CPU
		{2D7C243B-0D82-494F-A0DC-580ACBACC45B}.Debug|x64.ActiveCfg = Debug|Any CPU
		{2D7C243B-0D82-494F-A0DC-580ACBACC45B}.Debug|x64.Build.0 = Debug|Any CPU
		{2D7C243B-0D82-494F-A0DC-580ACBACC45B}.Debug|x86.ActiveCfg = Debug|Any CPU
		{2D7C243B-0D82-494F-A0DC-580ACBACC45B}.Debug|x86.Build.0 = Debug|Any CPU
		{2D7C243B-0D82-494F-A0DC-580ACBACC45B}.Release|Any CPU.ActiveCfg = Release|Any CPU
		{2D7C243B-0D82-494F-A0DC-580ACBACC45B}.Release|Any CPU.Build.0 = Release|Any CPU
		{2D7C243B-0D82-494F-A0DC-580ACBACC45B}.Release|x64.ActiveCfg = Release|Any CPU
		{2D7C243B-0D82-494F-A0DC-580ACBACC45B}.Release|x64.Build.0 = Release|Any CPU
		{2D7C243B-0D82-494F-A0DC-580ACBACC45B}.Release|x86.ActiveCfg = Release|Any CPU
		{2D7C243B-0D82-494F-A0DC-580ACBACC45B}.Release|x86.Build.0 = Release|Any CPU
		{8F7883D0-6418-46EB-8619-D9F48CFB1CD5}.Debug|Any CPU.ActiveCfg = Debug|Any CPU
		{8F7883D0-6418-46EB-8619-D9F48CFB1CD5}.Debug|Any CPU.Build.0 = Debug|Any CPU
		{8F7883D0-6418-46EB-8619-D9F48CFB1CD5}.Debug|x64.ActiveCfg = Debug|Any CPU
		{8F7883D0-6418-46EB-8619-D9F48CFB1CD5}.Debug|x64.Build.0 = Debug|Any CPU
		{8F7883D0-6418-46EB-8619-D9F48CFB1CD5}.Debug|x86.ActiveCfg = Debug|Any CPU
		{8F7883D0-6418-46EB-8619-D9F48CFB1CD5}.Debug|x86.Build.0 = Debug|Any CPU
		{8F7883D0-6418-46EB-8619-D9F48CFB1CD5}.Release|Any CPU.ActiveCfg = Release|Any CPU
		{8F7883D0-6418-46EB-8619-D9F48CFB1CD5}.Release|Any CPU.Build.0 = Release|Any CPU
		{8F7883D0-6418-46EB-8619-D9F48CFB1CD5}.Release|x64.ActiveCfg = Release|Any CPU
		{8F7883D0-6418-46EB-8619-D9F48CFB1CD5}.Release|x64.Build.0 = Release|Any CPU
		{8F7883D0-6418-46EB-8619-D9F48CFB1CD5}.Release|x86.ActiveCfg = Release|Any CPU
		{8F7883D0-6418-46EB-8619-D9F48CFB1CD5}.Release|x86.Build.0 = Release|Any CPU
		{F7E6289D-9C6D-4B8C-A92D-0E400F60B57C}.Debug|Any CPU.ActiveCfg = Debug|Any CPU
		{F7E6289D-9C6D-4B8C-A92D-0E400F60B57C}.Debug|Any CPU.Build.0 = Debug|Any CPU
		{F7E6289D-9C6D-4B8C-A92D-0E400F60B57C}.Debug|x64.ActiveCfg = Debug|Any CPU
		{F7E6289D-9C6D-4B8C-A92D-0E400F60B57C}.Debug|x64.Build.0 = Debug|Any CPU
		{F7E6289D-9C6D-4B8C-A92D-0E400F60B57C}.Debug|x86.ActiveCfg = Debug|Any CPU
		{F7E6289D-9C6D-4B8C-A92D-0E400F60B57C}.Debug|x86.Build.0 = Debug|Any CPU
		{F7E6289D-9C6D-4B8C-A92D-0E400F60B57C}.Release|Any CPU.ActiveCfg = Release|Any CPU
		{F7E6289D-9C6D-4B8C-A92D-0E400F60B57C}.Release|Any CPU.Build.0 = Release|Any CPU
		{F7E6289D-9C6D-4B8C-A92D-0E400F60B57C}.Release|x64.ActiveCfg = Release|Any CPU
		{F7E6289D-9C6D-4B8C-A92D-0E400F60B57C}.Release|x64.Build.0 = Release|Any CPU
		{F7E6289D-9C6D-4B8C-A92D-0E400F60B57C}.Release|x86.ActiveCfg = Release|Any CPU
		{F7E6289D-9C6D-4B8C-A92D-0E400F60B57C}.Release|x86.Build.0 = Release|Any CPU
		{A3347A2D-DD29-4AED-B83F-58F758E374DE}.Debug|Any CPU.ActiveCfg = Debug|Any CPU
		{A3347A2D-DD29-4AED-B83F-58F758E374DE}.Debug|Any CPU.Build.0 = Debug|Any CPU
		{A3347A2D-DD29-4AED-B83F-58F758E374DE}.Debug|x64.ActiveCfg = Debug|Any CPU
		{A3347A2D-DD29-4AED-B83F-58F758E374DE}.Debug|x64.Build.0 = Debug|Any CPU
		{A3347A2D-DD29-4AED-B83F-58F758E374DE}.Debug|x86.ActiveCfg = Debug|Any CPU
		{A3347A2D-DD29-4AED-B83F-58F758E374DE}.Debug|x86.Build.0 = Debug|Any CPU
		{A3347A2D-DD29-4AED-B83F-58F758E374DE}.Release|Any CPU.ActiveCfg = Release|Any CPU
		{A3347A2D-DD29-4AED-B83F-58F758E374DE}.Release|Any CPU.Build.0 = Release|Any CPU
		{A3347A2D-DD29-4AED-B83F-58F758E374DE}.Release|x64.ActiveCfg = Release|Any CPU
		{A3347A2D-DD29-4AED-B83F-58F758E374DE}.Release|x64.Build.0 = Release|Any CPU
		{A3347A2D-DD29-4AED-B83F-58F758E374DE}.Release|x86.ActiveCfg = Release|Any CPU
		{A3347A2D-DD29-4AED-B83F-58F758E374DE}.Release|x86.Build.0 = Release|Any CPU
		{7CD2D26E-4C7C-48F6-92C4-30F4A6A4AADE}.Debug|Any CPU.ActiveCfg = Debug|Any CPU
		{7CD2D26E-4C7C-48F6-92C4-30F4A6A4AADE}.Debug|Any CPU.Build.0 = Debug|Any CPU
		{7CD2D26E-4C7C-48F6-92C4-30F4A6A4AADE}.Debug|x64.ActiveCfg = Debug|Any CPU
		{7CD2D26E-4C7C-48F6-92C4-30F4A6A4AADE}.Debug|x64.Build.0 = Debug|Any CPU
		{7CD2D26E-4C7C-48F6-92C4-30F4A6A4AADE}.Debug|x86.ActiveCfg = Debug|Any CPU
		{7CD2D26E-4C7C-48F6-92C4-30F4A6A4AADE}.Debug|x86.Build.0 = Debug|Any CPU
		{7CD2D26E-4C7C-48F6-92C4-30F4A6A4AADE}.Release|Any CPU.ActiveCfg = Release|Any CPU
		{7CD2D26E-4C7C-48F6-92C4-30F4A6A4AADE}.Release|Any CPU.Build.0 = Release|Any CPU
		{7CD2D26E-4C7C-48F6-92C4-30F4A6A4AADE}.Release|x64.ActiveCfg = Release|Any CPU
		{7CD2D26E-4C7C-48F6-92C4-30F4A6A4AADE}.Release|x64.Build.0 = Release|Any CPU
		{7CD2D26E-4C7C-48F6-92C4-30F4A6A4AADE}.Release|x86.ActiveCfg = Release|Any CPU
		{7CD2D26E-4C7C-48F6-92C4-30F4A6A4AADE}.Release|x86.Build.0 = Release|Any CPU
		{A3D7C0BD-9A96-4909-81E6-6C8F14F06BBB}.Debug|Any CPU.ActiveCfg = Debug|Any CPU
		{A3D7C0BD-9A96-4909-81E6-6C8F14F06BBB}.Debug|Any CPU.Build.0 = Debug|Any CPU
		{A3D7C0BD-9A96-4909-81E6-6C8F14F06BBB}.Debug|x64.ActiveCfg = Debug|Any CPU
		{A3D7C0BD-9A96-4909-81E6-6C8F14F06BBB}.Debug|x64.Build.0 = Debug|Any CPU
		{A3D7C0BD-9A96-4909-81E6-6C8F14F06BBB}.Debug|x86.ActiveCfg = Debug|Any CPU
		{A3D7C0BD-9A96-4909-81E6-6C8F14F06BBB}.Debug|x86.Build.0 = Debug|Any CPU
		{A3D7C0BD-9A96-4909-81E6-6C8F14F06BBB}.Release|Any CPU.ActiveCfg = Release|Any CPU
		{A3D7C0BD-9A96-4909-81E6-6C8F14F06BBB}.Release|Any CPU.Build.0 = Release|Any CPU
		{A3D7C0BD-9A96-4909-81E6-6C8F14F06BBB}.Release|x64.ActiveCfg = Release|Any CPU
		{A3D7C0BD-9A96-4909-81E6-6C8F14F06BBB}.Release|x64.Build.0 = Release|Any CPU
		{A3D7C0BD-9A96-4909-81E6-6C8F14F06BBB}.Release|x86.ActiveCfg = Release|Any CPU
		{A3D7C0BD-9A96-4909-81E6-6C8F14F06BBB}.Release|x86.Build.0 = Release|Any CPU
		{673FBF9F-2909-4F44-8533-5DF54D08EFEF}.Debug|Any CPU.ActiveCfg = Debug|Any CPU
		{673FBF9F-2909-4F44-8533-5DF54D08EFEF}.Debug|Any CPU.Build.0 = Debug|Any CPU
		{673FBF9F-2909-4F44-8533-5DF54D08EFEF}.Debug|x64.ActiveCfg = Debug|Any CPU
		{673FBF9F-2909-4F44-8533-5DF54D08EFEF}.Debug|x64.Build.0 = Debug|Any CPU
		{673FBF9F-2909-4F44-8533-5DF54D08EFEF}.Debug|x86.ActiveCfg = Debug|Any CPU
		{673FBF9F-2909-4F44-8533-5DF54D08EFEF}.Debug|x86.Build.0 = Debug|Any CPU
		{673FBF9F-2909-4F44-8533-5DF54D08EFEF}.Release|Any CPU.ActiveCfg = Release|Any CPU
		{673FBF9F-2909-4F44-8533-5DF54D08EFEF}.Release|Any CPU.Build.0 = Release|Any CPU
		{673FBF9F-2909-4F44-8533-5DF54D08EFEF}.Release|x64.ActiveCfg = Release|Any CPU
		{673FBF9F-2909-4F44-8533-5DF54D08EFEF}.Release|x64.Build.0 = Release|Any CPU
		{673FBF9F-2909-4F44-8533-5DF54D08EFEF}.Release|x86.ActiveCfg = Release|Any CPU
		{673FBF9F-2909-4F44-8533-5DF54D08EFEF}.Release|x86.Build.0 = Release|Any CPU
		{CC154CFE-FFB4-4307-9F32-1086809928A6}.Debug|Any CPU.ActiveCfg = Debug|Any CPU
		{CC154CFE-FFB4-4307-9F32-1086809928A6}.Debug|Any CPU.Build.0 = Debug|Any CPU
		{CC154CFE-FFB4-4307-9F32-1086809928A6}.Debug|x64.ActiveCfg = Debug|Any CPU
		{CC154CFE-FFB4-4307-9F32-1086809928A6}.Debug|x64.Build.0 = Debug|Any CPU
		{CC154CFE-FFB4-4307-9F32-1086809928A6}.Debug|x86.ActiveCfg = Debug|Any CPU
		{CC154CFE-FFB4-4307-9F32-1086809928A6}.Debug|x86.Build.0 = Debug|Any CPU
		{CC154CFE-FFB4-4307-9F32-1086809928A6}.Release|Any CPU.ActiveCfg = Release|Any CPU
		{CC154CFE-FFB4-4307-9F32-1086809928A6}.Release|Any CPU.Build.0 = Release|Any CPU
		{CC154CFE-FFB4-4307-9F32-1086809928A6}.Release|x64.ActiveCfg = Release|Any CPU
		{CC154CFE-FFB4-4307-9F32-1086809928A6}.Release|x64.Build.0 = Release|Any CPU
		{CC154CFE-FFB4-4307-9F32-1086809928A6}.Release|x86.ActiveCfg = Release|Any CPU
		{CC154CFE-FFB4-4307-9F32-1086809928A6}.Release|x86.Build.0 = Release|Any CPU
		{91D7C8A0-164A-49B9-BF81-D08AEA28167A}.Debug|Any CPU.ActiveCfg = Debug|Any CPU
		{91D7C8A0-164A-49B9-BF81-D08AEA28167A}.Debug|Any CPU.Build.0 = Debug|Any CPU
		{91D7C8A0-164A-49B9-BF81-D08AEA28167A}.Debug|x64.ActiveCfg = Debug|Any CPU
		{91D7C8A0-164A-49B9-BF81-D08AEA28167A}.Debug|x64.Build.0 = Debug|Any CPU
		{91D7C8A0-164A-49B9-BF81-D08AEA28167A}.Debug|x86.ActiveCfg = Debug|Any CPU
		{91D7C8A0-164A-49B9-BF81-D08AEA28167A}.Debug|x86.Build.0 = Debug|Any CPU
		{91D7C8A0-164A-49B9-BF81-D08AEA28167A}.Release|Any CPU.ActiveCfg = Release|Any CPU
		{91D7C8A0-164A-49B9-BF81-D08AEA28167A}.Release|Any CPU.Build.0 = Release|Any CPU
		{91D7C8A0-164A-49B9-BF81-D08AEA28167A}.Release|x64.ActiveCfg = Release|Any CPU
		{91D7C8A0-164A-49B9-BF81-D08AEA28167A}.Release|x64.Build.0 = Release|Any CPU
		{91D7C8A0-164A-49B9-BF81-D08AEA28167A}.Release|x86.ActiveCfg = Release|Any CPU
		{91D7C8A0-164A-49B9-BF81-D08AEA28167A}.Release|x86.Build.0 = Release|Any CPU
		{18DFCAF7-3F0A-4952-B4AB-CF1CED985977}.Debug|Any CPU.ActiveCfg = Debug|x64
		{18DFCAF7-3F0A-4952-B4AB-CF1CED985977}.Debug|Any CPU.Build.0 = Debug|x64
		{18DFCAF7-3F0A-4952-B4AB-CF1CED985977}.Debug|x64.ActiveCfg = Debug|x64
		{18DFCAF7-3F0A-4952-B4AB-CF1CED985977}.Debug|x64.Build.0 = Debug|x64
		{18DFCAF7-3F0A-4952-B4AB-CF1CED985977}.Debug|x86.ActiveCfg = Debug|Win32
		{18DFCAF7-3F0A-4952-B4AB-CF1CED985977}.Debug|x86.Build.0 = Debug|Win32
		{18DFCAF7-3F0A-4952-B4AB-CF1CED985977}.Release|Any CPU.ActiveCfg = Release|x64
		{18DFCAF7-3F0A-4952-B4AB-CF1CED985977}.Release|Any CPU.Build.0 = Release|x64
		{18DFCAF7-3F0A-4952-B4AB-CF1CED985977}.Release|x64.ActiveCfg = Release|x64
		{18DFCAF7-3F0A-4952-B4AB-CF1CED985977}.Release|x64.Build.0 = Release|x64
		{18DFCAF7-3F0A-4952-B4AB-CF1CED985977}.Release|x86.ActiveCfg = Release|Win32
		{18DFCAF7-3F0A-4952-B4AB-CF1CED985977}.Release|x86.Build.0 = Release|Win32
		{EFC2127B-EF2D-4858-8A87-1B9C2E960D97}.Debug|Any CPU.ActiveCfg = Debug|Any CPU
		{EFC2127B-EF2D-4858-8A87-1B9C2E960D97}.Debug|Any CPU.Build.0 = Debug|Any CPU
		{EFC2127B-EF2D-4858-8A87-1B9C2E960D97}.Debug|x64.ActiveCfg = Debug|Any CPU
		{EFC2127B-EF2D-4858-8A87-1B9C2E960D97}.Debug|x64.Build.0 = Debug|Any CPU
		{EFC2127B-EF2D-4858-8A87-1B9C2E960D97}.Debug|x86.ActiveCfg = Debug|Any CPU
		{EFC2127B-EF2D-4858-8A87-1B9C2E960D97}.Debug|x86.Build.0 = Debug|Any CPU
		{EFC2127B-EF2D-4858-8A87-1B9C2E960D97}.Release|Any CPU.ActiveCfg = Release|Any CPU
		{EFC2127B-EF2D-4858-8A87-1B9C2E960D97}.Release|Any CPU.Build.0 = Release|Any CPU
		{EFC2127B-EF2D-4858-8A87-1B9C2E960D97}.Release|x64.ActiveCfg = Release|Any CPU
		{EFC2127B-EF2D-4858-8A87-1B9C2E960D97}.Release|x64.Build.0 = Release|Any CPU
		{EFC2127B-EF2D-4858-8A87-1B9C2E960D97}.Release|x86.ActiveCfg = Release|Any CPU
		{EFC2127B-EF2D-4858-8A87-1B9C2E960D97}.Release|x86.Build.0 = Release|Any CPU
		{AA1FF0DE-6302-4C3D-AFCA-E24F88240522}.Debug|Any CPU.ActiveCfg = Debug|Any CPU
		{AA1FF0DE-6302-4C3D-AFCA-E24F88240522}.Debug|Any CPU.Build.0 = Debug|Any CPU
		{AA1FF0DE-6302-4C3D-AFCA-E24F88240522}.Debug|x64.ActiveCfg = Debug|Any CPU
		{AA1FF0DE-6302-4C3D-AFCA-E24F88240522}.Debug|x64.Build.0 = Debug|Any CPU
		{AA1FF0DE-6302-4C3D-AFCA-E24F88240522}.Debug|x86.ActiveCfg = Debug|Any CPU
		{AA1FF0DE-6302-4C3D-AFCA-E24F88240522}.Debug|x86.Build.0 = Debug|Any CPU
		{AA1FF0DE-6302-4C3D-AFCA-E24F88240522}.Release|Any CPU.ActiveCfg = Release|Any CPU
		{AA1FF0DE-6302-4C3D-AFCA-E24F88240522}.Release|Any CPU.Build.0 = Release|Any CPU
		{AA1FF0DE-6302-4C3D-AFCA-E24F88240522}.Release|x64.ActiveCfg = Release|Any CPU
		{AA1FF0DE-6302-4C3D-AFCA-E24F88240522}.Release|x64.Build.0 = Release|Any CPU
		{AA1FF0DE-6302-4C3D-AFCA-E24F88240522}.Release|x86.ActiveCfg = Release|Any CPU
		{AA1FF0DE-6302-4C3D-AFCA-E24F88240522}.Release|x86.Build.0 = Release|Any CPU
	EndGlobalSection
	GlobalSection(SolutionProperties) = preSolution
		HideSolutionNode = FALSE
	EndGlobalSection
	GlobalSection(NestedProjects) = preSolution
		{91D7C8A0-164A-49B9-BF81-D08AEA28167A} = {A9B96E14-9B1C-4CDD-AB0C-69E03A772067}
		{18DFCAF7-3F0A-4952-B4AB-CF1CED985977} = {A9B96E14-9B1C-4CDD-AB0C-69E03A772067}
		{EFC2127B-EF2D-4858-8A87-1B9C2E960D97} = {A9B96E14-9B1C-4CDD-AB0C-69E03A772067}
	EndGlobalSection
	GlobalSection(ExtensibilityGlobals) = postSolution
		SolutionGuid = {68A92914-DA40-4B12-AA5D-2AEA4920E65A}
	EndGlobalSection
EndGlobal
